
Microsoft Visual Studio Solution File, Format Version 12.00
# Visual Studio Version 16
VisualStudioVersion = 16.0.32106.194
MinimumVisualStudioVersion = 10.0.40219.1
Project("{FAE04EC0-301F-11D3-BF4B-00C04F79EFBC}") = "Lesson-2_Task-1", "Lesson-2_Task-1\Lesson-2_Task-1.csproj", "{02C8FADF-CDBE-4815-A2AA-C74BACCACBAA}"
EndProject
Global
	GlobalSection(SolutionConfigurationPlatforms) = preSolution
		Debug|Any CPU = Debug|Any CPU
		Release|Any CPU = Release|Any CPU
	EndGlobalSection
	GlobalSection(ProjectConfigurationPlatforms) = postSolution
		{02C8FADF-CDBE-4815-A2AA-C74BACCACBAA}.Debug|Any CPU.ActiveCfg = Debug|Any CPU
		{02C8FADF-CDBE-4815-A2AA-C74BACCACBAA}.Debug|Any CPU.Build.0 = Debug|Any CPU
		{02C8FADF-CDBE-4815-A2AA-C74BACCACBAA}.Release|Any CPU.ActiveCfg = Release|Any CPU
		{02C8FADF-CDBE-4815-A2AA-C74BACCACBAA}.Release|Any CPU.Build.0 = Release|Any CPU
	EndGlobalSection
	GlobalSection(SolutionProperties) = preSolution
		HideSolutionNode = FALSE
	EndGlobalSection
	GlobalSection(ExtensibilityGlobals) = postSolution
		SolutionGuid = {86A2835F-FA72-41ED-B5A5-9C27982A9B42}
	EndGlobalSection
EndGlobal
