
Microsoft Visual Studio Solution File, Format Version 12.00
# Visual Studio Version 16
VisualStudioVersion = 16.0.32106.194
MinimumVisualStudioVersion = 10.0.40219.1
Project("{FAE04EC0-301F-11D3-BF4B-00C04F79EFBC}") = "SplittingStringIntoWords", "SplittingStringIntoWords\SplittingStringIntoWords.csproj", "{CE455ED0-F9D4-431C-9143-449DDD9CB1AB}"
EndProject
Global
	GlobalSection(SolutionConfigurationPlatforms) = preSolution
		Debug|Any CPU = Debug|Any CPU
		Release|Any CPU = Release|Any CPU
	EndGlobalSection
	GlobalSection(ProjectConfigurationPlatforms) = postSolution
		{CE455ED0-F9D4-431C-9143-449DDD9CB1AB}.Debug|Any CPU.ActiveCfg = Debug|Any CPU
		{CE455ED0-F9D4-431C-9143-449DDD9CB1AB}.Debug|Any CPU.Build.0 = Debug|Any CPU
		{CE455ED0-F9D4-431C-9143-449DDD9CB1AB}.Release|Any CPU.ActiveCfg = Release|Any CPU
		{CE455ED0-F9D4-431C-9143-449DDD9CB1AB}.Release|Any CPU.Build.0 = Release|Any CPU
	EndGlobalSection
	GlobalSection(SolutionProperties) = preSolution
		HideSolutionNode = FALSE
	EndGlobalSection
	GlobalSection(ExtensibilityGlobals) = postSolution
		SolutionGuid = {097E1806-BAAA-4F8A-B25C-3EAFAE60A8F6}
	EndGlobalSection
EndGlobal
