
Microsoft Visual Studio Solution File, Format Version 12.00
# Visual Studio Version 16
VisualStudioVersion = 16.0.32106.194
MinimumVisualStudioVersion = 10.0.40219.1
Project("{FAE04EC0-301F-11D3-BF4B-00C04F79EFBC}") = "task3", "task3\task3.csproj", "{84343AE3-7E17-4102-ADD6-D37C797E5642}"
EndProject
Global
	GlobalSection(SolutionConfigurationPlatforms) = preSolution
		Debug|Any CPU = Debug|Any CPU
		Release|Any CPU = Release|Any CPU
	EndGlobalSection
	GlobalSection(ProjectConfigurationPlatforms) = postSolution
		{84343AE3-7E17-4102-ADD6-D37C797E5642}.Debug|Any CPU.ActiveCfg = Debug|Any CPU
		{84343AE3-7E17-4102-ADD6-D37C797E5642}.Debug|Any CPU.Build.0 = Debug|Any CPU
		{84343AE3-7E17-4102-ADD6-D37C797E5642}.Release|Any CPU.ActiveCfg = Release|Any CPU
		{84343AE3-7E17-4102-ADD6-D37C797E5642}.Release|Any CPU.Build.0 = Release|Any CPU
	EndGlobalSection
	GlobalSection(SolutionProperties) = preSolution
		HideSolutionNode = FALSE
	EndGlobalSection
	GlobalSection(ExtensibilityGlobals) = postSolution
		SolutionGuid = {518FEE15-F343-4E8F-9B73-92A1A521A605}
	EndGlobalSection
EndGlobal
