
Microsoft Visual Studio Solution File, Format Version 12.00
# Visual Studio Version 16
VisualStudioVersion = 16.0.32510.428
MinimumVisualStudioVersion = 10.0.40219.1
Project("{FAE04EC0-301F-11D3-BF4B-00C04F79EFBC}") = "BotFromYoutube", "BotFromYoutube\BotFromYoutube.csproj", "{2C1C0619-2740-4C75-99DF-F9FC1C327307}"
EndProject
Global
	GlobalSection(SolutionConfigurationPlatforms) = preSolution
		Debug|Any CPU = Debug|Any CPU
		Release|Any CPU = Release|Any CPU
	EndGlobalSection
	GlobalSection(ProjectConfigurationPlatforms) = postSolution
		{2C1C0619-2740-4C75-99DF-F9FC1C327307}.Debug|Any CPU.ActiveCfg = Debug|Any CPU
		{2C1C0619-2740-4C75-99DF-F9FC1C327307}.Debug|Any CPU.Build.0 = Debug|Any CPU
		{2C1C0619-2740-4C75-99DF-F9FC1C327307}.Release|Any CPU.ActiveCfg = Release|Any CPU
		{2C1C0619-2740-4C75-99DF-F9FC1C327307}.Release|Any CPU.Build.0 = Release|Any CPU
	EndGlobalSection
	GlobalSection(SolutionProperties) = preSolution
		HideSolutionNode = FALSE
	EndGlobalSection
	GlobalSection(ExtensibilityGlobals) = postSolution
		SolutionGuid = {9152CD83-1F93-4191-9143-5892FD07437D}
	EndGlobalSection
EndGlobal
