
Microsoft Visual Studio Solution File, Format Version 12.00
# Visual Studio Version 16
VisualStudioVersion = 16.0.32106.194
MinimumVisualStudioVersion = 10.0.40219.1
Project("{FAE04EC0-301F-11D3-BF4B-00C04F79EFBC}") = "Structures", "Structures\Structures.csproj", "{1DC892DF-E148-4EFB-BDDC-E1771B7CCC7B}"
EndProject
Global
	GlobalSection(SolutionConfigurationPlatforms) = preSolution
		Debug|Any CPU = Debug|Any CPU
		Release|Any CPU = Release|Any CPU
	EndGlobalSection
	GlobalSection(ProjectConfigurationPlatforms) = postSolution
		{1DC892DF-E148-4EFB-BDDC-E1771B7CCC7B}.Debug|Any CPU.ActiveCfg = Debug|Any CPU
		{1DC892DF-E148-4EFB-BDDC-E1771B7CCC7B}.Debug|Any CPU.Build.0 = Debug|Any CPU
		{1DC892DF-E148-4EFB-BDDC-E1771B7CCC7B}.Release|Any CPU.ActiveCfg = Release|Any CPU
		{1DC892DF-E148-4EFB-BDDC-E1771B7CCC7B}.Release|Any CPU.Build.0 = Release|Any CPU
	EndGlobalSection
	GlobalSection(SolutionProperties) = preSolution
		HideSolutionNode = FALSE
	EndGlobalSection
	GlobalSection(ExtensibilityGlobals) = postSolution
		SolutionGuid = {5392DF0E-E181-4454-9E31-5D9CA3150F1F}
	EndGlobalSection
EndGlobal
