
Microsoft Visual Studio Solution File, Format Version 12.00
# Visual Studio Version 16
VisualStudioVersion = 16.0.32106.194
MinimumVisualStudioVersion = 10.0.40219.1
Project("{FAE04EC0-301F-11D3-BF4B-00C04F79EFBC}") = "Blackjack", "Blackjack\Blackjack.csproj", "{86FE56F3-1985-47CA-A150-9B8529FFF0E3}"
EndProject
Global
	GlobalSection(SolutionConfigurationPlatforms) = preSolution
		Debug|Any CPU = Debug|Any CPU
		Release|Any CPU = Release|Any CPU
	EndGlobalSection
	GlobalSection(ProjectConfigurationPlatforms) = postSolution
		{86FE56F3-1985-47CA-A150-9B8529FFF0E3}.Debug|Any CPU.ActiveCfg = Debug|Any CPU
		{86FE56F3-1985-47CA-A150-9B8529FFF0E3}.Debug|Any CPU.Build.0 = Debug|Any CPU
		{86FE56F3-1985-47CA-A150-9B8529FFF0E3}.Release|Any CPU.ActiveCfg = Release|Any CPU
		{86FE56F3-1985-47CA-A150-9B8529FFF0E3}.Release|Any CPU.Build.0 = Release|Any CPU
	EndGlobalSection
	GlobalSection(SolutionProperties) = preSolution
		HideSolutionNode = FALSE
	EndGlobalSection
	GlobalSection(ExtensibilityGlobals) = postSolution
		SolutionGuid = {8142B7FD-4611-4373-9AD9-46A5570773A3}
	EndGlobalSection
EndGlobal
