
Microsoft Visual Studio Solution File, Format Version 12.00
# Visual Studio Version 16
VisualStudioVersion = 16.0.32106.194
MinimumVisualStudioVersion = 10.0.40219.1
Project("{FAE04EC0-301F-11D3-BF4B-00C04F79EFBC}") = "PrimeNumberCheck", "PrimeNumberCheck\PrimeNumberCheck.csproj", "{271A2EAD-0F0D-4122-9974-A1000C55A9E7}"
EndProject
Global
	GlobalSection(SolutionConfigurationPlatforms) = preSolution
		Debug|Any CPU = Debug|Any CPU
		Release|Any CPU = Release|Any CPU
	EndGlobalSection
	GlobalSection(ProjectConfigurationPlatforms) = postSolution
		{271A2EAD-0F0D-4122-9974-A1000C55A9E7}.Debug|Any CPU.ActiveCfg = Debug|Any CPU
		{271A2EAD-0F0D-4122-9974-A1000C55A9E7}.Debug|Any CPU.Build.0 = Debug|Any CPU
		{271A2EAD-0F0D-4122-9974-A1000C55A9E7}.Release|Any CPU.ActiveCfg = Release|Any CPU
		{271A2EAD-0F0D-4122-9974-A1000C55A9E7}.Release|Any CPU.Build.0 = Release|Any CPU
	EndGlobalSection
	GlobalSection(SolutionProperties) = preSolution
		HideSolutionNode = FALSE
	EndGlobalSection
	GlobalSection(ExtensibilityGlobals) = postSolution
		SolutionGuid = {D10D08D2-9CFA-4AF9-9BE1-3D8FAE60CAE2}
	EndGlobalSection
EndGlobal
